# This file is automatically @generated by Cargo.
# It is not intended for manual editing.
[[package]]
name = "autocfg"
version = "1.0.1"
source = "registry+https://github.com/rust-lang/crates.io-index"

[[package]]
name = "clamn"
version = "0.1.0"
dependencies = [
 "contracts 0.6.0 (registry+https://github.com/rust-lang/crates.io-index)",
 "earlgrey 0.3.0 (registry+https://github.com/rust-lang/crates.io-index)",
 "non-empty-collections 0.1.9 (registry+https://github.com/rust-lang/crates.io-index)",
]

[[package]]
name = "contracts"
version = "0.6.0"
source = "registry+https://github.com/rust-lang/crates.io-index"
dependencies = [
 "proc-macro2 1.0.22 (registry+https://github.com/rust-lang/crates.io-index)",
 "quote 1.0.7 (registry+https://github.com/rust-lang/crates.io-index)",
 "syn 1.0.41 (registry+https://github.com/rust-lang/crates.io-index)",
]

[[package]]
name = "earlgrey"
version = "0.3.0"
source = "registry+https://github.com/rust-lang/crates.io-index"

[[package]]
name = "hashbrown"
version = "0.9.0"
source = "registry+https://github.com/rust-lang/crates.io-index"

[[package]]
name = "indexmap"
version = "1.6.0"
source = "registry+https://github.com/rust-lang/crates.io-index"
dependencies = [
 "autocfg 1.0.1 (registry+https://github.com/rust-lang/crates.io-index)",
 "hashbrown 0.9.0 (registry+https://github.com/rust-lang/crates.io-index)",
]

[[package]]
name = "non-empty-collections"
version = "0.1.9"
source = "registry+https://github.com/rust-lang/crates.io-index"
dependencies = [
 "indexmap 1.6.0 (registry+https://github.com/rust-lang/crates.io-index)",
 "serde 1.0.116 (registry+https://github.com/rust-lang/crates.io-index)",
]

[[package]]
name = "proc-macro2"
version = "1.0.22"
source = "registry+https://github.com/rust-lang/crates.io-index"
dependencies = [
 "unicode-xid 0.2.1 (registry+https://github.com/rust-lang/crates.io-index)",
]

[[package]]
name = "quote"
version = "1.0.7"
source = "registry+https://github.com/rust-lang/crates.io-index"
dependencies = [
 "proc-macro2 1.0.22 (registry+https://github.com/rust-lang/crates.io-index)",
]

[[package]]
name = "serde"
version = "1.0.116"
source = "registry+https://github.com/rust-lang/crates.io-index"

[[package]]
name = "syn"
version = "1.0.41"
source = "registry+https://github.com/rust-lang/crates.io-index"
dependencies = [
 "proc-macro2 1.0.22 (registry+https://github.com/rust-lang/crates.io-index)",
 "quote 1.0.7 (registry+https://github.com/rust-lang/crates.io-index)",
 "unicode-xid 0.2.1 (registry+https://github.com/rust-lang/crates.io-index)",
]

[[package]]
name = "unicode-xid"
version = "0.2.1"
source = "registry+https://github.com/rust-lang/crates.io-index"

[metadata]
"checksum autocfg 1.0.1 (registry+https://github.com/rust-lang/crates.io-index)" = "cdb031dd78e28731d87d56cc8ffef4a8f36ca26c38fe2de700543e627f8a464a"
"checksum contracts 0.6.0 (registry+https://github.com/rust-lang/crates.io-index)" = "3416a1f2714ed256355952da25596bcedc330b3e9da147879b024a746ada437e"
"checksum earlgrey 0.3.0 (registry+https://github.com/rust-lang/crates.io-index)" = "54c9e4cdb23d437a65dd1107a3f34a54c96fb17bb9d9ae986877b1fe2b1ac696"
"checksum hashbrown 0.9.0 (registry+https://github.com/rust-lang/crates.io-index)" = "00d63df3d41950fb462ed38308eea019113ad1508da725bbedcd0fa5a85ef5f7"
"checksum indexmap 1.6.0 (registry+https://github.com/rust-lang/crates.io-index)" = "55e2e4c765aa53a0424761bf9f41aa7a6ac1efa87238f59560640e27fca028f2"
"checksum non-empty-collections 0.1.9 (registry+https://github.com/rust-lang/crates.io-index)" = "5c42b53ccc74db1fb5dc55ae151cb40d9bd712556c4ccc0bac6216df49ce6485"
"checksum proc-macro2 1.0.22 (registry+https://github.com/rust-lang/crates.io-index)" = "e4b93dba1818d32e781f9d008edd577bab215e83ef50e8a1ddf1ad301b19a09f"
"checksum quote 1.0.7 (registry+https://github.com/rust-lang/crates.io-index)" = "aa563d17ecb180e500da1cfd2b028310ac758de548efdd203e18f283af693f37"
"checksum serde 1.0.116 (registry+https://github.com/rust-lang/crates.io-index)" = "96fe57af81d28386a513cbc6858332abc6117cfdb5999647c6444b8f43a370a5"
"checksum syn 1.0.41 (registry+https://github.com/rust-lang/crates.io-index)" = "6690e3e9f692504b941dc6c3b188fd28df054f7fb8469ab40680df52fdcc842b"
"checksum unicode-xid 0.2.1 (registry+https://github.com/rust-lang/crates.io-index)" = "f7fe0bb3479651439c9112f72b6c505038574c9fbb575ed1bf3b797fa39dd564"
